
Microsoft Visual Studio Solution File, Format Version 12.00
# Visual Studio Version 16
VisualStudioVersion = 16.0.31829.152
MinimumVisualStudioVersion = 10.0.40219.1
Project("{8BC9CEB8-8B4A-11D0-8D11-00A0C91BC942}") = "递归打印", "递归打印.vcxproj", "{AA8DB288-75E6-4506-A8ED-63F78F53B08B}"
EndProject
Global
	GlobalSection(SolutionConfigurationPlatforms) = preSolution
		Debug|x64 = Debug|x64
		Debug|x86 = Debug|x86
		Release|x64 = Release|x64
		Release|x86 = Release|x86
	EndGlobalSection
	GlobalSection(ProjectConfigurationPlatforms) = postSolution
		{AA8DB288-75E6-4506-A8ED-63F78F53B08B}.Debug|x64.ActiveCfg = Debug|x64
		{AA8DB288-75E6-4506-A8ED-63F78F53B08B}.Debug|x64.Build.0 = Debug|x64
		{AA8DB288-75E6-4506-A8ED-63F78F53B08B}.Debug|x86.ActiveCfg = Debug|Win32
		{AA8DB288-75E6-4506-A8ED-63F78F53B08B}.Debug|x86.Build.0 = Debug|Win32
		{AA8DB288-75E6-4506-A8ED-63F78F53B08B}.Release|x64.ActiveCfg = Release|x64
		{AA8DB288-75E6-4506-A8ED-63F78F53B08B}.Release|x64.Build.0 = Release|x64
		{AA8DB288-75E6-4506-A8ED-63F78F53B08B}.Release|x86.ActiveCfg = Release|Win32
		{AA8DB288-75E6-4506-A8ED-63F78F53B08B}.Release|x86.Build.0 = Release|Win32
	EndGlobalSection
	GlobalSection(SolutionProperties) = preSolution
		HideSolutionNode = FALSE
	EndGlobalSection
	GlobalSection(ExtensibilityGlobals) = postSolution
		SolutionGuid = {1578CA90-9F36-4F8B-9F89-3DD14CB32CCE}
	EndGlobalSection
EndGlobal
