
Microsoft Visual Studio Solution File, Format Version 12.00
# Visual Studio Version 16
VisualStudioVersion = 16.0.31829.152
MinimumVisualStudioVersion = 10.0.40219.1
Project("{8BC9CEB8-8B4A-11D0-8D11-00A0C91BC942}") = "HTTP Status Code Summary", "HTTP Status Code Summary.vcxproj", "{81A677B1-758D-4581-B3C0-618D7BD240A3}"
EndProject
Global
	GlobalSection(SolutionConfigurationPlatforms) = preSolution
		Debug|x64 = Debug|x64
		Debug|x86 = Debug|x86
		Release|x64 = Release|x64
		Release|x86 = Release|x86
	EndGlobalSection
	GlobalSection(ProjectConfigurationPlatforms) = postSolution
		{81A677B1-758D-4581-B3C0-618D7BD240A3}.Debug|x64.ActiveCfg = Debug|x64
		{81A677B1-758D-4581-B3C0-618D7BD240A3}.Debug|x64.Build.0 = Debug|x64
		{81A677B1-758D-4581-B3C0-618D7BD240A3}.Debug|x86.ActiveCfg = Debug|Win32
		{81A677B1-758D-4581-B3C0-618D7BD240A3}.Debug|x86.Build.0 = Debug|Win32
		{81A677B1-758D-4581-B3C0-618D7BD240A3}.Release|x64.ActiveCfg = Release|x64
		{81A677B1-758D-4581-B3C0-618D7BD240A3}.Release|x64.Build.0 = Release|x64
		{81A677B1-758D-4581-B3C0-618D7BD240A3}.Release|x86.ActiveCfg = Release|Win32
		{81A677B1-758D-4581-B3C0-618D7BD240A3}.Release|x86.Build.0 = Release|Win32
	EndGlobalSection
	GlobalSection(SolutionProperties) = preSolution
		HideSolutionNode = FALSE
	EndGlobalSection
	GlobalSection(ExtensibilityGlobals) = postSolution
		SolutionGuid = {3FC9B006-0C7B-4943-A978-E4ADED89B990}
	EndGlobalSection
EndGlobal
