
Microsoft Visual Studio Solution File, Format Version 12.00
# Visual Studio Version 16
VisualStudioVersion = 16.0.31829.152
MinimumVisualStudioVersion = 10.0.40219.1
Project("{8BC9CEB8-8B4A-11D0-8D11-00A0C91BC942}") = "矩阵计算", "矩阵计算.vcxproj", "{603FB51F-DA48-4403-9476-E9151D97C979}"
EndProject
Global
	GlobalSection(SolutionConfigurationPlatforms) = preSolution
		Debug|x64 = Debug|x64
		Debug|x86 = Debug|x86
		Release|x64 = Release|x64
		Release|x86 = Release|x86
	EndGlobalSection
	GlobalSection(ProjectConfigurationPlatforms) = postSolution
		{603FB51F-DA48-4403-9476-E9151D97C979}.Debug|x64.ActiveCfg = Debug|x64
		{603FB51F-DA48-4403-9476-E9151D97C979}.Debug|x64.Build.0 = Debug|x64
		{603FB51F-DA48-4403-9476-E9151D97C979}.Debug|x86.ActiveCfg = Debug|Win32
		{603FB51F-DA48-4403-9476-E9151D97C979}.Debug|x86.Build.0 = Debug|Win32
		{603FB51F-DA48-4403-9476-E9151D97C979}.Release|x64.ActiveCfg = Release|x64
		{603FB51F-DA48-4403-9476-E9151D97C979}.Release|x64.Build.0 = Release|x64
		{603FB51F-DA48-4403-9476-E9151D97C979}.Release|x86.ActiveCfg = Release|Win32
		{603FB51F-DA48-4403-9476-E9151D97C979}.Release|x86.Build.0 = Release|Win32
	EndGlobalSection
	GlobalSection(SolutionProperties) = preSolution
		HideSolutionNode = FALSE
	EndGlobalSection
	GlobalSection(ExtensibilityGlobals) = postSolution
		SolutionGuid = {3228AE2E-1565-4503-AECC-87EC77716784}
	EndGlobalSection
EndGlobal
