
Microsoft Visual Studio Solution File, Format Version 12.00
# Visual Studio Version 16
VisualStudioVersion = 16.0.31829.152
MinimumVisualStudioVersion = 10.0.40219.1
Project("{8BC9CEB8-8B4A-11D0-8D11-00A0C91BC942}") = "Reverse string order", "Reverse string order.vcxproj", "{3EE329D9-E119-4A70-8995-9B5C4FBA36F3}"
EndProject
Global
	GlobalSection(SolutionConfigurationPlatforms) = preSolution
		Debug|x64 = Debug|x64
		Debug|x86 = Debug|x86
		Release|x64 = Release|x64
		Release|x86 = Release|x86
	EndGlobalSection
	GlobalSection(ProjectConfigurationPlatforms) = postSolution
		{3EE329D9-E119-4A70-8995-9B5C4FBA36F3}.Debug|x64.ActiveCfg = Debug|x64
		{3EE329D9-E119-4A70-8995-9B5C4FBA36F3}.Debug|x64.Build.0 = Debug|x64
		{3EE329D9-E119-4A70-8995-9B5C4FBA36F3}.Debug|x86.ActiveCfg = Debug|Win32
		{3EE329D9-E119-4A70-8995-9B5C4FBA36F3}.Debug|x86.Build.0 = Debug|Win32
		{3EE329D9-E119-4A70-8995-9B5C4FBA36F3}.Release|x64.ActiveCfg = Release|x64
		{3EE329D9-E119-4A70-8995-9B5C4FBA36F3}.Release|x64.Build.0 = Release|x64
		{3EE329D9-E119-4A70-8995-9B5C4FBA36F3}.Release|x86.ActiveCfg = Release|Win32
		{3EE329D9-E119-4A70-8995-9B5C4FBA36F3}.Release|x86.Build.0 = Release|Win32
	EndGlobalSection
	GlobalSection(SolutionProperties) = preSolution
		HideSolutionNode = FALSE
	EndGlobalSection
	GlobalSection(ExtensibilityGlobals) = postSolution
		SolutionGuid = {5C6FC2E5-1BAD-4AB6-AB7A-36A2449CD7F9}
	EndGlobalSection
EndGlobal
