
Microsoft Visual Studio Solution File, Format Version 12.00
# Visual Studio Version 16
VisualStudioVersion = 16.0.31829.152
MinimumVisualStudioVersion = 10.0.40219.1
Project("{8BC9CEB8-8B4A-11D0-8D11-00A0C91BC942}") = "isalpha(判断字母)", "isalpha(判断字母).vcxproj", "{105EA907-B8DD-45A1-ADF2-8301427FEBD7}"
EndProject
Global
	GlobalSection(SolutionConfigurationPlatforms) = preSolution
		Debug|x64 = Debug|x64
		Debug|x86 = Debug|x86
		Release|x64 = Release|x64
		Release|x86 = Release|x86
	EndGlobalSection
	GlobalSection(ProjectConfigurationPlatforms) = postSolution
		{105EA907-B8DD-45A1-ADF2-8301427FEBD7}.Debug|x64.ActiveCfg = Debug|x64
		{105EA907-B8DD-45A1-ADF2-8301427FEBD7}.Debug|x64.Build.0 = Debug|x64
		{105EA907-B8DD-45A1-ADF2-8301427FEBD7}.Debug|x86.ActiveCfg = Debug|Win32
		{105EA907-B8DD-45A1-ADF2-8301427FEBD7}.Debug|x86.Build.0 = Debug|Win32
		{105EA907-B8DD-45A1-ADF2-8301427FEBD7}.Release|x64.ActiveCfg = Release|x64
		{105EA907-B8DD-45A1-ADF2-8301427FEBD7}.Release|x64.Build.0 = Release|x64
		{105EA907-B8DD-45A1-ADF2-8301427FEBD7}.Release|x86.ActiveCfg = Release|Win32
		{105EA907-B8DD-45A1-ADF2-8301427FEBD7}.Release|x86.Build.0 = Release|Win32
	EndGlobalSection
	GlobalSection(SolutionProperties) = preSolution
		HideSolutionNode = FALSE
	EndGlobalSection
	GlobalSection(ExtensibilityGlobals) = postSolution
		SolutionGuid = {E5F29B8E-2DDE-412C-9611-AF7BFE9B9677}
	EndGlobalSection
EndGlobal
