
Microsoft Visual Studio Solution File, Format Version 12.00
# Visual Studio Version 16
VisualStudioVersion = 16.0.31829.152
MinimumVisualStudioVersion = 10.0.40219.1
Project("{8BC9CEB8-8B4A-11D0-8D11-00A0C91BC942}") = "递归逆向打印", "递归逆向打印.vcxproj", "{1BF69B9E-BCD8-4C44-B8DC-1A9ED9476107}"
EndProject
Global
	GlobalSection(SolutionConfigurationPlatforms) = preSolution
		Debug|x64 = Debug|x64
		Debug|x86 = Debug|x86
		Release|x64 = Release|x64
		Release|x86 = Release|x86
	EndGlobalSection
	GlobalSection(ProjectConfigurationPlatforms) = postSolution
		{1BF69B9E-BCD8-4C44-B8DC-1A9ED9476107}.Debug|x64.ActiveCfg = Debug|x64
		{1BF69B9E-BCD8-4C44-B8DC-1A9ED9476107}.Debug|x64.Build.0 = Debug|x64
		{1BF69B9E-BCD8-4C44-B8DC-1A9ED9476107}.Debug|x86.ActiveCfg = Debug|Win32
		{1BF69B9E-BCD8-4C44-B8DC-1A9ED9476107}.Debug|x86.Build.0 = Debug|Win32
		{1BF69B9E-BCD8-4C44-B8DC-1A9ED9476107}.Release|x64.ActiveCfg = Release|x64
		{1BF69B9E-BCD8-4C44-B8DC-1A9ED9476107}.Release|x64.Build.0 = Release|x64
		{1BF69B9E-BCD8-4C44-B8DC-1A9ED9476107}.Release|x86.ActiveCfg = Release|Win32
		{1BF69B9E-BCD8-4C44-B8DC-1A9ED9476107}.Release|x86.Build.0 = Release|Win32
	EndGlobalSection
	GlobalSection(SolutionProperties) = preSolution
		HideSolutionNode = FALSE
	EndGlobalSection
	GlobalSection(ExtensibilityGlobals) = postSolution
		SolutionGuid = {2AB74B37-900A-4927-8895-E25DCAC55A45}
	EndGlobalSection
EndGlobal
