
Microsoft Visual Studio Solution File, Format Version 12.00
# Visual Studio Version 16
VisualStudioVersion = 16.0.31829.152
MinimumVisualStudioVersion = 10.0.40219.1
Project("{8BC9CEB8-8B4A-11D0-8D11-00A0C91BC942}") = "递归阶乘", "递归阶乘.vcxproj", "{5261F2B8-54A7-45CB-B428-ECE1FB96D4D3}"
EndProject
Global
	GlobalSection(SolutionConfigurationPlatforms) = preSolution
		Debug|x64 = Debug|x64
		Debug|x86 = Debug|x86
		Release|x64 = Release|x64
		Release|x86 = Release|x86
	EndGlobalSection
	GlobalSection(ProjectConfigurationPlatforms) = postSolution
		{5261F2B8-54A7-45CB-B428-ECE1FB96D4D3}.Debug|x64.ActiveCfg = Debug|x64
		{5261F2B8-54A7-45CB-B428-ECE1FB96D4D3}.Debug|x64.Build.0 = Debug|x64
		{5261F2B8-54A7-45CB-B428-ECE1FB96D4D3}.Debug|x86.ActiveCfg = Debug|Win32
		{5261F2B8-54A7-45CB-B428-ECE1FB96D4D3}.Debug|x86.Build.0 = Debug|Win32
		{5261F2B8-54A7-45CB-B428-ECE1FB96D4D3}.Release|x64.ActiveCfg = Release|x64
		{5261F2B8-54A7-45CB-B428-ECE1FB96D4D3}.Release|x64.Build.0 = Release|x64
		{5261F2B8-54A7-45CB-B428-ECE1FB96D4D3}.Release|x86.ActiveCfg = Release|Win32
		{5261F2B8-54A7-45CB-B428-ECE1FB96D4D3}.Release|x86.Build.0 = Release|Win32
	EndGlobalSection
	GlobalSection(SolutionProperties) = preSolution
		HideSolutionNode = FALSE
	EndGlobalSection
	GlobalSection(ExtensibilityGlobals) = postSolution
		SolutionGuid = {D86C5B45-1D11-4702-9521-4A2C8B3BBD4E}
	EndGlobalSection
EndGlobal
